
Microsoft Visual Studio Solution File, Format Version 12.00
# Visual Studio 15
VisualStudioVersion = 15.0.27130.2010
MinimumVisualStudioVersion = 10.0.40219.1
Project("{FAE04EC0-301F-11D3-BF4B-00C04F79EFBC}") = "QuizMasterClient", "QuizMasterClient\QuizMasterClient.csproj", "{F7FD14B3-1DDC-4283-A99C-5A148DF4FF86}"
EndProject
Global
	GlobalSection(SolutionConfigurationPlatforms) = preSolution
		Debug|Any CPU = Debug|Any CPU
		Release|Any CPU = Release|Any CPU
	EndGlobalSection
	GlobalSection(ProjectConfigurationPlatforms) = postSolution
		{F7FD14B3-1DDC-4283-A99C-5A148DF4FF86}.Debug|Any CPU.ActiveCfg = Debug|Any CPU
		{F7FD14B3-1DDC-4283-A99C-5A148DF4FF86}.Debug|Any CPU.Build.0 = Debug|Any CPU
		{F7FD14B3-1DDC-4283-A99C-5A148DF4FF86}.Release|Any CPU.ActiveCfg = Release|Any CPU
		{F7FD14B3-1DDC-4283-A99C-5A148DF4FF86}.Release|Any CPU.Build.0 = Release|Any CPU
	EndGlobalSection
	GlobalSection(SolutionProperties) = preSolution
		HideSolutionNode = FALSE
	EndGlobalSection
	GlobalSection(ExtensibilityGlobals) = postSolution
		SolutionGuid = {D81F5F7A-74DA-4780-A53D-6D6F85CD54F2}
	EndGlobalSection
EndGlobal
