
Microsoft Visual Studio Solution File, Format Version 12.00
# Visual Studio 15
VisualStudioVersion = 15.0.27130.2010
MinimumVisualStudioVersion = 10.0.40219.1
Project("{FAE04EC0-301F-11D3-BF4B-00C04F79EFBC}") = "QuizMasterAPI", "QuizMasterAPI\QuizMasterAPI.csproj", "{2F4A9169-BD2C-4A86-8E31-DCA682D6B717}"
EndProject
Project("{FAE04EC0-301F-11D3-BF4B-00C04F79EFBC}") = "QuizMasterAPI.Tests", "QuizMasterAPI.Tests\QuizMasterAPI.Tests.csproj", "{FA9E2459-689C-46CE-BF09-3145109976BF}"
EndProject
Global
	GlobalSection(SolutionConfigurationPlatforms) = preSolution
		Debug|Any CPU = Debug|Any CPU
		Release|Any CPU = Release|Any CPU
	EndGlobalSection
	GlobalSection(ProjectConfigurationPlatforms) = postSolution
		{2F4A9169-BD2C-4A86-8E31-DCA682D6B717}.Debug|Any CPU.ActiveCfg = Debug|Any CPU
		{2F4A9169-BD2C-4A86-8E31-DCA682D6B717}.Debug|Any CPU.Build.0 = Debug|Any CPU
		{2F4A9169-BD2C-4A86-8E31-DCA682D6B717}.Release|Any CPU.ActiveCfg = Release|Any CPU
		{2F4A9169-BD2C-4A86-8E31-DCA682D6B717}.Release|Any CPU.Build.0 = Release|Any CPU
		{FA9E2459-689C-46CE-BF09-3145109976BF}.Debug|Any CPU.ActiveCfg = Debug|Any CPU
		{FA9E2459-689C-46CE-BF09-3145109976BF}.Debug|Any CPU.Build.0 = Debug|Any CPU
		{FA9E2459-689C-46CE-BF09-3145109976BF}.Release|Any CPU.ActiveCfg = Release|Any CPU
		{FA9E2459-689C-46CE-BF09-3145109976BF}.Release|Any CPU.Build.0 = Release|Any CPU
	EndGlobalSection
	GlobalSection(SolutionProperties) = preSolution
		HideSolutionNode = FALSE
	EndGlobalSection
	GlobalSection(ExtensibilityGlobals) = postSolution
		SolutionGuid = {4E9DD3E2-19C7-4B70-A71F-1A4F12206E6A}
	EndGlobalSection
EndGlobal
